{
  "version": 4,
  "terraform_version": "1.13.3",
  "serial": 12,
  "lineage": "6ad385cc-b89f-238c-da50-5cf95250be32",
  "outputs": {},
  "resources": [
    {
      "mode": "data",
      "type": "azuread_client_config",
      "name": "current",
      "provider": "provider[\"registry.terraform.io/hashicorp/azuread\"]",
      "instances": [
        {
          "schema_version": 0,
          "attributes": {
            "client_id": "04b07795-8ddb-461a-bbee-02f9e1bf7b46",
            "id": "46f76cd0-5d8c-4627-bbe0-e9a76d59c9cb-04b07795-8ddb-461a-bbee-02f9e1bf7b46-5fb4d4ad-5516-4f5a-a8c9-9f03a8608786",
            "object_id": "5fb4d4ad-5516-4f5a-a8c9-9f03a8608786",
            "tenant_id": "46f76cd0-5d8c-4627-bbe0-e9a76d59c9cb",
            "timeouts": null
          },
          "sensitive_attributes": [],
          "identity_schema_version": 0
        }
      ]
    },
    {
      "mode": "managed",
      "type": "azuread_group",
      "name": "it_lab_admins",
      "provider": "provider[\"registry.terraform.io/hashicorp/azuread\"]",
      "instances": [
        {
          "schema_version": 1,
          "attributes": {
            "administrative_unit_ids": [],
            "assignable_to_role": false,
            "auto_subscribe_new_members": false,
            "behaviors": [],
            "description": "Administrators that manage the IT lab",
            "display_name": "IT Lab Administrators",
            "dynamic_membership": [],
            "external_senders_allowed": false,
            "hide_from_address_lists": false,
            "hide_from_outlook_clients": false,
            "id": "/groups/352ec45e-bf53-4b66-9120-a01332a2f682",
            "mail": "",
            "mail_enabled": false,
            "mail_nickname": "16a78a2a-a",
            "members": [
              "22484b38-a165-43a4-9c8b-c9626c48b0aa"
            ],
            "object_id": "352ec45e-bf53-4b66-9120-a01332a2f682",
            "onpremises_domain_name": "",
            "onpremises_group_type": "",
            "onpremises_netbios_name": "",
            "onpremises_sam_account_name": "",
            "onpremises_security_identifier": "",
            "onpremises_sync_enabled": false,
            "owners": [
              "5fb4d4ad-5516-4f5a-a8c9-9f03a8608786"
            ],
            "preferred_language": "",
            "prevent_duplicate_names": false,
            "provisioning_options": [],
            "proxy_addresses": [],
            "security_enabled": true,
            "theme": "",
            "timeouts": null,
            "types": [],
            "visibility": "",
            "writeback_enabled": false
          },
          "sensitive_attributes": [],
          "identity_schema_version": 0,
          "private": "eyJlMmJmYjczMC1lY2FhLTExZTYtOGY4OC0zNDM2M2JjN2M0YzAiOnsiY3JlYXRlIjoxMjAwMDAwMDAwMDAwLCJkZWxldGUiOjMwMDAwMDAwMDAwMCwicmVhZCI6MzAwMDAwMDAwMDAwLCJ1cGRhdGUiOjEyMDAwMDAwMDAwMDB9LCJzY2hlbWFfdmVyc2lvbiI6IjEifQ==",
          "dependencies": [
            "data.azuread_client_config.current"
          ]
        }
      ]
    },
    {
      "mode": "managed",
      "type": "azuread_group_member",
      "name": "az104_user1_member",
      "provider": "provider[\"registry.terraform.io/hashicorp/azuread\"]",
      "instances": [
        {
          "schema_version": 0,
          "attributes": {
            "group_object_id": "352ec45e-bf53-4b66-9120-a01332a2f682",
            "id": "352ec45e-bf53-4b66-9120-a01332a2f682/member/22484b38-a165-43a4-9c8b-c9626c48b0aa",
            "member_object_id": "22484b38-a165-43a4-9c8b-c9626c48b0aa",
            "timeouts": null
          },
          "sensitive_attributes": [],
          "identity_schema_version": 0,
          "private": "eyJlMmJmYjczMC1lY2FhLTExZTYtOGY4OC0zNDM2M2JjN2M0YzAiOnsiY3JlYXRlIjozMDAwMDAwMDAwMDAsImRlbGV0ZSI6MzAwMDAwMDAwMDAwLCJyZWFkIjozMDAwMDAwMDAwMDB9fQ==",
          "dependencies": [
            "azuread_group.it_lab_admins",
            "azuread_user.az104_user1",
            "data.azuread_client_config.current"
          ]
        }
      ]
    },
    {
      "mode": "managed",
      "type": "azuread_group_member",
      "name": "guest_user_member",
      "provider": "provider[\"registry.terraform.io/hashicorp/azuread\"]",
      "instances": [
        {
          "schema_version": 0,
          "attributes": {
            "group_object_id": "352ec45e-bf53-4b66-9120-a01332a2f682",
            "id": "352ec45e-bf53-4b66-9120-a01332a2f682/member/5fb4d4ad-5516-4f5a-a8c9-9f03a8608786",
            "member_object_id": "5fb4d4ad-5516-4f5a-a8c9-9f03a8608786",
            "timeouts": null
          },
          "sensitive_attributes": [],
          "identity_schema_version": 0,
          "private": "eyJlMmJmYjczMC1lY2FhLTExZTYtOGY4OC0zNDM2M2JjN2M0YzAiOnsiY3JlYXRlIjozMDAwMDAwMDAwMDAsImRlbGV0ZSI6MzAwMDAwMDAwMDAwLCJyZWFkIjozMDAwMDAwMDAwMDB9fQ==",
          "dependencies": [
            "azuread_group.it_lab_admins",
            "azuread_invitation.guest_user",
            "data.azuread_client_config.current"
          ]
        }
      ]
    },
    {
      "mode": "managed",
      "type": "azuread_invitation",
      "name": "guest_user",
      "provider": "provider[\"registry.terraform.io/hashicorp/azuread\"]",
      "instances": [
        {
          "schema_version": 0,
          "attributes": {
            "id": "5c485116-e740-4480-ad26-3481a2420b04",
            "message": [],
            "redeem_url": "https://login.microsoftonline.com/redeem?rd=https%3a%2f%2finvitations.microsoft.com%2fredeem%2f%3ftenant%3d46f76cd0-5d8c-4627-bbe0-e9a76d59c9cb%26user%3d5c485116-e740-4480-ad26-3481a2420b04%26ticket%3d8iubHGBJAIsnVLS3lq3j2opbxBw7z3R9YxQAPUwBKiE%25253d%26ver%3d2.0",
            "redirect_url": "https://portal.azure.com",
            "timeouts": null,
            "user_display_name": null,
            "user_email_address": "",
            "user_id": "5fb4d4ad-5516-4f5a-a8c9-9f03a8608786",
            "user_type": "Guest"
          },
          "sensitive_attributes": [],
          "identity_schema_version": 0,
          "private": "eyJlMmJmYjczMC1lY2FhLTExZTYtOGY4OC0zNDM2M2JjN2M0YzAiOnsiY3JlYXRlIjozMDAwMDAwMDAwMDAsImRlbGV0ZSI6MzAwMDAwMDAwMDAwLCJyZWFkIjozMDAwMDAwMDAwMDB9fQ=="
        }
      ]
    },
    {
      "mode": "managed",
      "type": "azuread_user",
      "name": "az104_user1",
      "provider": "provider[\"registry.terraform.io/hashicorp/azuread\"]",
      "instances": [
        {
          "schema_version": 1,
          "attributes": {
            "about_me": "",
            "account_enabled": true,
            "age_group": "",
            "business_phones": [],
            "city": "",
            "company_name": "",
            "consent_provided_for_minor": "",
            "cost_center": "",
            "country": "",
            "creation_type": "",
            "department": "IT",
            "disable_password_expiration": false,
            "disable_strong_password": false,
            "display_name": "az104-user1",
            "division": "",
            "employee_hire_date": "",
            "employee_id": "",
            "employee_type": "",
            "external_user_state": "",
            "fax_number": "",
            "force_password_change": true,
            "given_name": "",
            "id": "/users/22484b38-a165-43a4-9c8b-c9626c48b0aa",
            "im_addresses": [],
            "job_title": "IT Lab Administrator",
            "mail": "",
            "mail_nickname": "az104-user1",
            "manager_id": "",
            "mobile_phone": "",
            "object_id": "22484b38-a165-43a4-9c8b-c9626c48b0aa",
            "office_location": "",
            "onpremises_distinguished_name": "",
            "onpremises_domain_name": "",
            "onpremises_immutable_id": "",
            "onpremises_sam_account_name": "",
            "onpremises_security_identifier": "",
            "onpremises_sync_enabled": false,
            "onpremises_user_principal_name": "",
            "other_mails": [],
            "password": "Str0ngP@ssw0rd!",
            "postal_code": "",
            "preferred_language": "",
            "proxy_addresses": [],
            "show_in_address_list": true,
            "state": "",
            "street_address": "",
            "surname": "",
            "timeouts": null,
            "usage_location": "US",
            "user_principal_name": "az104-user1@pgrigorcuk0gmail.onmicrosoft.com",
            "user_type": ""
          },
          "sensitive_attributes": [
            [
              {
                "type": "get_attr",
                "value": "password"
              }
            ]
          ],
          "identity_schema_version": 0,
          "private": "eyJlMmJmYjczMC1lY2FhLTExZTYtOGY4OC0zNDM2M2JjN2M0YzAiOnsiY3JlYXRlIjozMDAwMDAwMDAwMDAsImRlbGV0ZSI6MzAwMDAwMDAwMDAwLCJyZWFkIjozMDAwMDAwMDAwMDAsInVwZGF0ZSI6MzAwMDAwMDAwMDAwfSwic2NoZW1hX3ZlcnNpb24iOiIxIn0="
        }
      ]
    }
  ],
  "check_results": null
}
